{
  "object": {
    "pins": [
      {
        "package": "SimpleLogger",
        "repositoryURL": "https://thinkaboutiter@github.com/thinkaboutiter/SimpleLogger.git",
        "state": {
          "branch": "develop",
          "revision": "ee8efd79e3b49578944ac401a3bffa83319227b3",
          "version": null
        }
      }
    ]
  },
  "version": 1
}
